
Microsoft Visual Studio Solution File, Format Version 12.00
# Visual Studio 2012
Project("{FAE04EC0-301F-11D3-BF4B-00C04F79EFBC}") = "TestingWPF", "TestingWPF\TestingWPF.csproj", "{A12838D2-10F5-447F-8183-CBBD49E58524}"
EndProject
Project("{FAE04EC0-301F-11D3-BF4B-00C04F79EFBC}") = "TestingClass", "TestingClass\TestingClass.csproj", "{40D63DE4-F3C2-450E-8636-1178329F2784}"
EndProject
Project("{FAE04EC0-301F-11D3-BF4B-00C04F79EFBC}") = "Servicios", "Servicios\Servicios.csproj", "{DEF367D6-912D-490E-8168-73B4EBD375A3}"
EndProject
Global
	GlobalSection(SolutionConfigurationPlatforms) = preSolution
		Debug|Any CPU = Debug|Any CPU
		Release|Any CPU = Release|Any CPU
	EndGlobalSection
	GlobalSection(ProjectConfigurationPlatforms) = postSolution
		{A12838D2-10F5-447F-8183-CBBD49E58524}.Debug|Any CPU.ActiveCfg = Debug|Any CPU
		{A12838D2-10F5-447F-8183-CBBD49E58524}.Debug|Any CPU.Build.0 = Debug|Any CPU
		{A12838D2-10F5-447F-8183-CBBD49E58524}.Release|Any CPU.ActiveCfg = Release|Any CPU
		{A12838D2-10F5-447F-8183-CBBD49E58524}.Release|Any CPU.Build.0 = Release|Any CPU
		{40D63DE4-F3C2-450E-8636-1178329F2784}.Debug|Any CPU.ActiveCfg = Debug|Any CPU
		{40D63DE4-F3C2-450E-8636-1178329F2784}.Debug|Any CPU.Build.0 = Debug|Any CPU
		{40D63DE4-F3C2-450E-8636-1178329F2784}.Release|Any CPU.ActiveCfg = Release|Any CPU
		{40D63DE4-F3C2-450E-8636-1178329F2784}.Release|Any CPU.Build.0 = Release|Any CPU
		{DEF367D6-912D-490E-8168-73B4EBD375A3}.Debug|Any CPU.ActiveCfg = Debug|Any CPU
		{DEF367D6-912D-490E-8168-73B4EBD375A3}.Debug|Any CPU.Build.0 = Debug|Any CPU
		{DEF367D6-912D-490E-8168-73B4EBD375A3}.Release|Any CPU.ActiveCfg = Release|Any CPU
		{DEF367D6-912D-490E-8168-73B4EBD375A3}.Release|Any CPU.Build.0 = Release|Any CPU
	EndGlobalSection
	GlobalSection(SolutionProperties) = preSolution
		HideSolutionNode = FALSE
	EndGlobalSection
EndGlobal
